Microsoft Visual Studio Solution File, Format Version 9.00
# Visual Studio 2005
Project("{FAE04EC0-301F-11D3-BF4B-00C04F79EFBC}") = "Intelligencia.UrlRewriter", "Rewriter\Intelligencia.UrlRewriter.csproj", "{F8516C67-92BE-43FF-A8A9-B71A3EA4BE0D}"
EndProject
Project("{FAE04EC0-301F-11D3-BF4B-00C04F79EFBC}") = "Intelligencia.UrlRewriter.Example", "Example\Intelligencia.UrlRewriter.Example.csproj", "{B889F2F3-BB7C-4534-B7C7-A3B75DE5D401}"
EndProject
Project("{FAE04EC0-301F-11D3-BF4B-00C04F79EFBC}") = "Intelligencia.UrlRewriter.Test", "Test\Intelligencia.UrlRewriter.Test.csproj", "{A550586F-3527-436E-8D66-26F8E4617C6F}"
EndProject
Project("{FAE04EC0-301F-11D3-BF4B-00C04F79EFBC}") = "ConsoleApplication1", "ConsoleApplication1\ConsoleApplication1.csproj", "{2C78A37D-2BAD-462D-9211-BA418451B4C7}"
EndProject
Global
	GlobalSection(SolutionConfigurationPlatforms) = preSolution
		Debug|Any CPU = Debug|Any CPU
		Release|Any CPU = Release|Any CPU
	EndGlobalSection
	GlobalSection(ProjectConfigurationPlatforms) = postSolution
		{F8516C67-92BE-43FF-A8A9-B71A3EA4BE0D}.Debug|Any CPU.ActiveCfg = Debug|Any CPU
		{F8516C67-92BE-43FF-A8A9-B71A3EA4BE0D}.Debug|Any CPU.Build.0 = Debug|Any CPU
		{F8516C67-92BE-43FF-A8A9-B71A3EA4BE0D}.Release|Any CPU.ActiveCfg = Release|Any CPU
		{F8516C67-92BE-43FF-A8A9-B71A3EA4BE0D}.Release|Any CPU.Build.0 = Release|Any CPU
		{B889F2F3-BB7C-4534-B7C7-A3B75DE5D401}.Debug|Any CPU.ActiveCfg = Debug|Any CPU
		{B889F2F3-BB7C-4534-B7C7-A3B75DE5D401}.Debug|Any CPU.Build.0 = Debug|Any CPU
		{B889F2F3-BB7C-4534-B7C7-A3B75DE5D401}.Release|Any CPU.ActiveCfg = Release|Any CPU
		{B889F2F3-BB7C-4534-B7C7-A3B75DE5D401}.Release|Any CPU.Build.0 = Release|Any CPU
		{A550586F-3527-436E-8D66-26F8E4617C6F}.Debug|Any CPU.ActiveCfg = Debug|Any CPU
		{A550586F-3527-436E-8D66-26F8E4617C6F}.Debug|Any CPU.Build.0 = Debug|Any CPU
		{A550586F-3527-436E-8D66-26F8E4617C6F}.Release|Any CPU.ActiveCfg = Release|Any CPU
		{A550586F-3527-436E-8D66-26F8E4617C6F}.Release|Any CPU.Build.0 = Release|Any CPU
		{2C78A37D-2BAD-462D-9211-BA418451B4C7}.Debug|Any CPU.ActiveCfg = Debug|Any CPU
		{2C78A37D-2BAD-462D-9211-BA418451B4C7}.Debug|Any CPU.Build.0 = Debug|Any CPU
		{2C78A37D-2BAD-462D-9211-BA418451B4C7}.Release|Any CPU.ActiveCfg = Release|Any CPU
		{2C78A37D-2BAD-462D-9211-BA418451B4C7}.Release|Any CPU.Build.0 = Release|Any CPU
	EndGlobalSection
	GlobalSection(SolutionProperties) = preSolution
		HideSolutionNode = FALSE
	EndGlobalSection
EndGlobal
